
Microsoft Visual Studio Solution File, Format Version 12.00
# Visual Studio Version 17
VisualStudioVersion = 17.6.33829.357
MinimumVisualStudioVersion = 10.0.40219.1
Project("{8BC9CEB8-8B4A-11D0-8D11-00A0C91BC942}") = "Lesson#49TryCatch", "Lesson#49TryCatch\Lesson#49TryCatch.vcxproj", "{19762DE7-F7C2-4DC9-8D9D-1976FF102577}"
EndProject
Global
	GlobalSection(SolutionConfigurationPlatforms) = preSolution
		Debug|x64 = Debug|x64
		Debug|x86 = Debug|x86
		Release|x64 = Release|x64
		Release|x86 = Release|x86
	EndGlobalSection
	GlobalSection(ProjectConfigurationPlatforms) = postSolution
		{19762DE7-F7C2-4DC9-8D9D-1976FF102577}.Debug|x64.ActiveCfg = Debug|x64
		{19762DE7-F7C2-4DC9-8D9D-1976FF102577}.Debug|x64.Build.0 = Debug|x64
		{19762DE7-F7C2-4DC9-8D9D-1976FF102577}.Debug|x86.ActiveCfg = Debug|Win32
		{19762DE7-F7C2-4DC9-8D9D-1976FF102577}.Debug|x86.Build.0 = Debug|Win32
		{19762DE7-F7C2-4DC9-8D9D-1976FF102577}.Release|x64.ActiveCfg = Release|x64
		{19762DE7-F7C2-4DC9-8D9D-1976FF102577}.Release|x64.Build.0 = Release|x64
		{19762DE7-F7C2-4DC9-8D9D-1976FF102577}.Release|x86.ActiveCfg = Release|Win32
		{19762DE7-F7C2-4DC9-8D9D-1976FF102577}.Release|x86.Build.0 = Release|Win32
	EndGlobalSection
	GlobalSection(SolutionProperties) = preSolution
		HideSolutionNode = FALSE
	EndGlobalSection
	GlobalSection(ExtensibilityGlobals) = postSolution
		SolutionGuid = {D0E90EFF-BAA0-4505-82D1-9BDA455F882D}
	EndGlobalSection
EndGlobal
